Microsoft Visual Studio Solution File, Format Version 10.00
# Visual Studio 2008

Project("{ACC059C4-F1E0-C042-2179-6BEC0EDA164B}") = "SharkGame", "Assembly-CSharp-vs.csproj", "{DF6E7FFC-D7F6-FA72-F708-7B69D90B41F9}"
EndProject
Global
	GlobalSection(SolutionConfigurationPlatforms) = preSolution
		Debug|Any CPU = Debug|Any CPU
		Release|Any CPU = Release|Any CPU
	EndGlobalSection
	GlobalSection(ProjectConfigurationPlatforms) = postSolution
		{DF6E7FFC-D7F6-FA72-F708-7B69D90B41F9}.Debug|Any CPU.ActiveCfg = Debug|Any CPU
		{DF6E7FFC-D7F6-FA72-F708-7B69D90B41F9}.Debug|Any CPU.Build.0 = Debug|Any CPU
		{DF6E7FFC-D7F6-FA72-F708-7B69D90B41F9}.Release|Any CPU.ActiveCfg = Release|Any CPU
		{DF6E7FFC-D7F6-FA72-F708-7B69D90B41F9}.Release|Any CPU.Build.0 = Release|Any CPU
	EndGlobalSection
	GlobalSection(SolutionProperties) = preSolution
		HideSolutionNode = FALSE
	EndGlobalSection
	
EndGlobal
